
Microsoft Visual Studio Solution File, Format Version 12.00
# Visual Studio Version 16
VisualStudioVersion = 16.0.32106.194
MinimumVisualStudioVersion = 10.0.40219.1
Project("{FAE04EC0-301F-11D3-BF4B-00C04F79EFBC}") = "LaboratorioApi", "LaboratorioApi\LaboratorioApi.csproj", "{4C2108B3-1C43-44D0-B564-807FFEA4BF16}"
EndProject
Global
	GlobalSection(SolutionConfigurationPlatforms) = preSolution
		Debug|Any CPU = Debug|Any CPU
		Release|Any CPU = Release|Any CPU
	EndGlobalSection
	GlobalSection(ProjectConfigurationPlatforms) = postSolution
		{4C2108B3-1C43-44D0-B564-807FFEA4BF16}.Debug|Any CPU.ActiveCfg = Debug|Any CPU
		{4C2108B3-1C43-44D0-B564-807FFEA4BF16}.Debug|Any CPU.Build.0 = Debug|Any CPU
		{4C2108B3-1C43-44D0-B564-807FFEA4BF16}.Release|Any CPU.ActiveCfg = Release|Any CPU
		{4C2108B3-1C43-44D0-B564-807FFEA4BF16}.Release|Any CPU.Build.0 = Release|Any CPU
	EndGlobalSection
	GlobalSection(SolutionProperties) = preSolution
		HideSolutionNode = FALSE
	EndGlobalSection
	GlobalSection(ExtensibilityGlobals) = postSolution
		SolutionGuid = {89BE66F4-6820-4E89-BD3A-7DAF7980EAD9}
	EndGlobalSection
EndGlobal
